
Microsoft Visual Studio Solution File, Format Version 12.00
# Visual Studio Version 16
VisualStudioVersion = 16.0.30413.136
MinimumVisualStudioVersion = 10.0.40219.1
Project("{FAE04EC0-301F-11D3-BF4B-00C04F79EFBC}") = "LookAt.Android", "LookAt.Android\LookAt.Android.csproj", "{407EB39B-1A73-4D3D-B654-0286D3E34A74}"
EndProject
Project("{FAE04EC0-301F-11D3-BF4B-00C04F79EFBC}") = "LookAt.iOS", "LookAt.iOS\LookAt.iOS.csproj", "{5786885E-5E88-4C77-B56F-1D45E1CDA72B}"
EndProject
Project("{9A19103F-16F7-4668-BE54-9A1E7A4F7556}") = "LookAt", "LookAt\LookAt.csproj", "{7AA4AF4A-7EB8-4246-B867-480734825693}"
EndProject
Project("{2150E333-8FDC-42A3-9474-1A3956D46DE8}") = "Solution Items", "Solution Items", "{F06753E9-F811-4D23-8438-A1EC555E9BF6}"
	ProjectSection(SolutionItems) = preProject
		.gitattributes = .gitattributes
		.gitignore = .gitignore
		README.md = README.md
	EndProjectSection
EndProject
Project("{FAE04EC0-301F-11D3-BF4B-00C04F79EFBC}") = "Server", "Server\Server.csproj", "{65C6B0B0-256B-46C6-8455-EA0CC44FDF99}"
EndProject
Global
	GlobalSection(SolutionConfigurationPlatforms) = preSolution
		Debug|Any CPU = Debug|Any CPU
		Debug|iPhone = Debug|iPhone
		Debug|iPhoneSimulator = Debug|iPhoneSimulator
		Release|Any CPU = Release|Any CPU
		Release|iPhone = Release|iPhone
		Release|iPhoneSimulator = Release|iPhoneSimulator
	EndGlobalSection
	GlobalSection(ProjectConfigurationPlatforms) = postSolution
		{407EB39B-1A73-4D3D-B654-0286D3E34A74}.Debug|Any CPU.ActiveCfg = Debug|Any CPU
		{407EB39B-1A73-4D3D-B654-0286D3E34A74}.Debug|Any CPU.Build.0 = Debug|Any CPU
		{407EB39B-1A73-4D3D-B654-0286D3E34A74}.Debug|Any CPU.Deploy.0 = Debug|Any CPU
		{407EB39B-1A73-4D3D-B654-0286D3E34A74}.Debug|iPhone.ActiveCfg = Debug|Any CPU
		{407EB39B-1A73-4D3D-B654-0286D3E34A74}.Debug|iPhone.Build.0 = Debug|Any CPU
		{407EB39B-1A73-4D3D-B654-0286D3E34A74}.Debug|iPhone.Deploy.0 = Debug|Any CPU
		{407EB39B-1A73-4D3D-B654-0286D3E34A74}.Debug|iPhoneSimulator.ActiveCfg = Debug|Any CPU
		{407EB39B-1A73-4D3D-B654-0286D3E34A74}.Debug|iPhoneSimulator.Build.0 = Debug|Any CPU
		{407EB39B-1A73-4D3D-B654-0286D3E34A74}.Debug|iPhoneSimulator.Deploy.0 = Debug|Any CPU
		{407EB39B-1A73-4D3D-B654-0286D3E34A74}.Release|Any CPU.ActiveCfg = Release|Any CPU
		{407EB39B-1A73-4D3D-B654-0286D3E34A74}.Release|Any CPU.Build.0 = Release|Any CPU
		{407EB39B-1A73-4D3D-B654-0286D3E34A74}.Release|Any CPU.Deploy.0 = Release|Any CPU
		{407EB39B-1A73-4D3D-B654-0286D3E34A74}.Release|iPhone.ActiveCfg = Release|Any CPU
		{407EB39B-1A73-4D3D-B654-0286D3E34A74}.Release|iPhone.Build.0 = Release|Any CPU
		{407EB39B-1A73-4D3D-B654-0286D3E34A74}.Release|iPhone.Deploy.0 = Release|Any CPU
		{407EB39B-1A73-4D3D-B654-0286D3E34A74}.Release|iPhoneSimulator.ActiveCfg = Release|Any CPU
		{407EB39B-1A73-4D3D-B654-0286D3E34A74}.Release|iPhoneSimulator.Build.0 = Release|Any CPU
		{407EB39B-1A73-4D3D-B654-0286D3E34A74}.Release|iPhoneSimulator.Deploy.0 = Release|Any CPU
		{5786885E-5E88-4C77-B56F-1D45E1CDA72B}.Debug|Any CPU.ActiveCfg = Debug|iPhone
		{5786885E-5E88-4C77-B56F-1D45E1CDA72B}.Debug|Any CPU.Build.0 = Debug|iPhone
		{5786885E-5E88-4C77-B56F-1D45E1CDA72B}.Debug|Any CPU.Deploy.0 = Debug|iPhone
		{5786885E-5E88-4C77-B56F-1D45E1CDA72B}.Debug|iPhone.ActiveCfg = Debug|iPhone
		{5786885E-5E88-4C77-B56F-1D45E1CDA72B}.Debug|iPhone.Build.0 = Debug|iPhone
		{5786885E-5E88-4C77-B56F-1D45E1CDA72B}.Debug|iPhone.Deploy.0 = Debug|iPhone
		{5786885E-5E88-4C77-B56F-1D45E1CDA72B}.Debug|iPhoneSimulator.ActiveCfg = Debug|iPhoneSimulator
		{5786885E-5E88-4C77-B56F-1D45E1CDA72B}.Debug|iPhoneSimulator.Build.0 = Debug|iPhoneSimulator
		{5786885E-5E88-4C77-B56F-1D45E1CDA72B}.Debug|iPhoneSimulator.Deploy.0 = Debug|iPhoneSimulator
		{5786885E-5E88-4C77-B56F-1D45E1CDA72B}.Release|Any CPU.ActiveCfg = Release|iPhone
		{5786885E-5E88-4C77-B56F-1D45E1CDA72B}.Release|Any CPU.Build.0 = Release|iPhone
		{5786885E-5E88-4C77-B56F-1D45E1CDA72B}.Release|Any CPU.Deploy.0 = Release|iPhone
		{5786885E-5E88-4C77-B56F-1D45E1CDA72B}.Release|iPhone.ActiveCfg = Release|iPhone
		{5786885E-5E88-4C77-B56F-1D45E1CDA72B}.Release|iPhone.Build.0 = Release|iPhone
		{5786885E-5E88-4C77-B56F-1D45E1CDA72B}.Release|iPhone.Deploy.0 = Release|iPhone
		{5786885E-5E88-4C77-B56F-1D45E1CDA72B}.Release|iPhoneSimulator.ActiveCfg = Release|iPhoneSimulator
		{5786885E-5E88-4C77-B56F-1D45E1CDA72B}.Release|iPhoneSimulator.Build.0 = Release|iPhoneSimulator
		{5786885E-5E88-4C77-B56F-1D45E1CDA72B}.Release|iPhoneSimulator.Deploy.0 = Release|iPhoneSimulator
		{7AA4AF4A-7EB8-4246-B867-480734825693}.Debug|Any CPU.ActiveCfg = Debug|Any CPU
		{7AA4AF4A-7EB8-4246-B867-480734825693}.Debug|Any CPU.Build.0 = Debug|Any CPU
		{7AA4AF4A-7EB8-4246-B867-480734825693}.Debug|Any CPU.Deploy.0 = Debug|Any CPU
		{7AA4AF4A-7EB8-4246-B867-480734825693}.Debug|iPhone.ActiveCfg = Debug|Any CPU
		{7AA4AF4A-7EB8-4246-B867-480734825693}.Debug|iPhone.Build.0 = Debug|Any CPU
		{7AA4AF4A-7EB8-4246-B867-480734825693}.Debug|iPhone.Deploy.0 = Debug|Any CPU
		{7AA4AF4A-7EB8-4246-B867-480734825693}.Debug|iPhoneSimulator.ActiveCfg = Debug|Any CPU
		{7AA4AF4A-7EB8-4246-B867-480734825693}.Debug|iPhoneSimulator.Build.0 = Debug|Any CPU
		{7AA4AF4A-7EB8-4246-B867-480734825693}.Debug|iPhoneSimulator.Deploy.0 = Debug|Any CPU
		{7AA4AF4A-7EB8-4246-B867-480734825693}.Release|Any CPU.ActiveCfg = Release|Any CPU
		{7AA4AF4A-7EB8-4246-B867-480734825693}.Release|Any CPU.Build.0 = Release|Any CPU
		{7AA4AF4A-7EB8-4246-B867-480734825693}.Release|Any CPU.Deploy.0 = Release|Any CPU
		{7AA4AF4A-7EB8-4246-B867-480734825693}.Release|iPhone.ActiveCfg = Release|Any CPU
		{7AA4AF4A-7EB8-4246-B867-480734825693}.Release|iPhone.Build.0 = Release|Any CPU
		{7AA4AF4A-7EB8-4246-B867-480734825693}.Release|iPhone.Deploy.0 = Release|Any CPU
		{7AA4AF4A-7EB8-4246-B867-480734825693}.Release|iPhoneSimulator.ActiveCfg = Release|Any CPU
		{7AA4AF4A-7EB8-4246-B867-480734825693}.Release|iPhoneSimulator.Build.0 = Release|Any CPU
		{7AA4AF4A-7EB8-4246-B867-480734825693}.Release|iPhoneSimulator.Deploy.0 = Release|Any CPU
		{65C6B0B0-256B-46C6-8455-EA0CC44FDF99}.Debug|Any CPU.ActiveCfg = Debug|Any CPU
		{65C6B0B0-256B-46C6-8455-EA0CC44FDF99}.Debug|Any CPU.Build.0 = Debug|Any CPU
		{65C6B0B0-256B-46C6-8455-EA0CC44FDF99}.Debug|iPhone.ActiveCfg = Debug|Any CPU
		{65C6B0B0-256B-46C6-8455-EA0CC44FDF99}.Debug|iPhone.Build.0 = Debug|Any CPU
		{65C6B0B0-256B-46C6-8455-EA0CC44FDF99}.Debug|iPhoneSimulator.ActiveCfg = Debug|Any CPU
		{65C6B0B0-256B-46C6-8455-EA0CC44FDF99}.Debug|iPhoneSimulator.Build.0 = Debug|Any CPU
		{65C6B0B0-256B-46C6-8455-EA0CC44FDF99}.Release|Any CPU.ActiveCfg = Release|Any CPU
		{65C6B0B0-256B-46C6-8455-EA0CC44FDF99}.Release|Any CPU.Build.0 = Release|Any CPU
		{65C6B0B0-256B-46C6-8455-EA0CC44FDF99}.Release|iPhone.ActiveCfg = Release|Any CPU
		{65C6B0B0-256B-46C6-8455-EA0CC44FDF99}.Release|iPhone.Build.0 = Release|Any CPU
		{65C6B0B0-256B-46C6-8455-EA0CC44FDF99}.Release|iPhoneSimulator.ActiveCfg = Release|Any CPU
		{65C6B0B0-256B-46C6-8455-EA0CC44FDF99}.Release|iPhoneSimulator.Build.0 = Release|Any CPU
	EndGlobalSection
	GlobalSection(SolutionProperties) = preSolution
		HideSolutionNode = FALSE
	EndGlobalSection
	GlobalSection(ExtensibilityGlobals) = postSolution
		SolutionGuid = {0AA15E13-63E8-4967-96B7-251BF62E05DA}
	EndGlobalSection
EndGlobal
